{
  "name": "@zn-design/eslint-config",
  "version": "1.0.0",
  "lockfileVersion": 2,
  "requires": true,
  "packages": {
    "": {
      "name": "@zn-design/eslint-config",
      "version": "1.0.0",
      "license": "MIT",
      "devDependencies": {
        "eslint-define-config": "^1.4.0"
      }
    },
    "node_modules/eslint-define-config": {
      "version": "1.4.0",
      "resolved": "https://registry.npmmirror.com/eslint-define-config/-/eslint-define-config-1.4.0.tgz",
      "integrity": "sha512-DJGEdzX4fkdkhPSzPgOpBbBjhT+b9DcgbAgxfrEUcipVWlSuesQJriKffHz1JF5mhKFm7PGoiZz4D2nb4GslNA==",
      "dev": true,
      "engines": {
        "node": ">= 14.6.0",
        "npm": ">= 6.0.0",
        "pnpm": ">= 6.32.9"
      }
    }
  },
  "dependencies": {
    "eslint-define-config": {
      "version": "1.4.0",
      "resolved": "https://registry.npmmirror.com/eslint-define-config/-/eslint-define-config-1.4.0.tgz",
      "integrity": "sha512-DJGEdzX4fkdkhPSzPgOpBbBjhT+b9DcgbAgxfrEUcipVWlSuesQJriKffHz1JF5mhKFm7PGoiZz4D2nb4GslNA==",
      "dev": true
    }
  }
}
